
Microsoft Visual Studio Solution File, Format Version 12.00
# Visual Studio Version 16
VisualStudioVersion = 16.0.30907.101
MinimumVisualStudioVersion = 10.0.40219.1
Project("{FAE04EC0-301F-11D3-BF4B-00C04F79EFBC}") = "MyBlogDev.DataAccess", "MyBlogDev.DataAccess\MyBlogDev.DataAccess.csproj", "{270DFB6F-0B98-49C2-8640-4D80139D6E4B}"
EndProject
Project("{FAE04EC0-301F-11D3-BF4B-00C04F79EFBC}") = "MyBlogDev.Business", "MyBlogDev.Business\MyBlogDev.Business.csproj", "{A79149B8-8710-454A-AC16-0590262D1F9A}"
EndProject
Project("{FAE04EC0-301F-11D3-BF4B-00C04F79EFBC}") = "MyBlogDev.Core", "MyBlogDev.Core\MyBlogDev.Core.csproj", "{CBFCEC30-A5F1-4D19-9485-954F3DC08EBD}"
EndProject
Project("{FAE04EC0-301F-11D3-BF4B-00C04F79EFBC}") = "MyBlogDev.API", "MyBlogDev.API\MyBlogDev.API.csproj", "{C0916CAC-91B9-49F9-B219-70C1DA685D30}"
EndProject
Project("{FAE04EC0-301F-11D3-BF4B-00C04F79EFBC}") = "MyBlogDev.Entities", "MyBlogDev.Entities\MyBlogDev.Entities.csproj", "{1F6A9717-30D6-4838-ABB3-DB302016030E}"
EndProject
Global
	GlobalSection(SolutionConfigurationPlatforms) = preSolution
		Debug|Any CPU = Debug|Any CPU
		Release|Any CPU = Release|Any CPU
	EndGlobalSection
	GlobalSection(ProjectConfigurationPlatforms) = postSolution
		{270DFB6F-0B98-49C2-8640-4D80139D6E4B}.Debug|Any CPU.ActiveCfg = Debug|Any CPU
		{270DFB6F-0B98-49C2-8640-4D80139D6E4B}.Debug|Any CPU.Build.0 = Debug|Any CPU
		{270DFB6F-0B98-49C2-8640-4D80139D6E4B}.Release|Any CPU.ActiveCfg = Release|Any CPU
		{270DFB6F-0B98-49C2-8640-4D80139D6E4B}.Release|Any CPU.Build.0 = Release|Any CPU
		{A79149B8-8710-454A-AC16-0590262D1F9A}.Debug|Any CPU.ActiveCfg = Debug|Any CPU
		{A79149B8-8710-454A-AC16-0590262D1F9A}.Debug|Any CPU.Build.0 = Debug|Any CPU
		{A79149B8-8710-454A-AC16-0590262D1F9A}.Release|Any CPU.ActiveCfg = Release|Any CPU
		{A79149B8-8710-454A-AC16-0590262D1F9A}.Release|Any CPU.Build.0 = Release|Any CPU
		{CBFCEC30-A5F1-4D19-9485-954F3DC08EBD}.Debug|Any CPU.ActiveCfg = Debug|Any CPU
		{CBFCEC30-A5F1-4D19-9485-954F3DC08EBD}.Debug|Any CPU.Build.0 = Debug|Any CPU
		{CBFCEC30-A5F1-4D19-9485-954F3DC08EBD}.Release|Any CPU.ActiveCfg = Release|Any CPU
		{CBFCEC30-A5F1-4D19-9485-954F3DC08EBD}.Release|Any CPU.Build.0 = Release|Any CPU
		{C0916CAC-91B9-49F9-B219-70C1DA685D30}.Debug|Any CPU.ActiveCfg = Debug|Any CPU
		{C0916CAC-91B9-49F9-B219-70C1DA685D30}.Debug|Any CPU.Build.0 = Debug|Any CPU
		{C0916CAC-91B9-49F9-B219-70C1DA685D30}.Release|Any CPU.ActiveCfg = Release|Any CPU
		{C0916CAC-91B9-49F9-B219-70C1DA685D30}.Release|Any CPU.Build.0 = Release|Any CPU
		{1F6A9717-30D6-4838-ABB3-DB302016030E}.Debug|Any CPU.ActiveCfg = Debug|Any CPU
		{1F6A9717-30D6-4838-ABB3-DB302016030E}.Debug|Any CPU.Build.0 = Debug|Any CPU
		{1F6A9717-30D6-4838-ABB3-DB302016030E}.Release|Any CPU.ActiveCfg = Release|Any CPU
		{1F6A9717-30D6-4838-ABB3-DB302016030E}.Release|Any CPU.Build.0 = Release|Any CPU
	EndGlobalSection
	GlobalSection(SolutionProperties) = preSolution
		HideSolutionNode = FALSE
	EndGlobalSection
	GlobalSection(ExtensibilityGlobals) = postSolution
		SolutionGuid = {0AA6D603-56EB-45EB-AF73-00162FA611FC}
	EndGlobalSection
EndGlobal
